
Microsoft Visual Studio Solution File, Format Version 12.00
# Visual Studio 15
VisualStudioVersion = 15.0.26124.0
MinimumVisualStudioVersion = 15.0.26124.0
Project("{9A19103F-16F7-4668-BE54-9A1E7A4F7556}") = "river-flow-processor", "consumer\river-flow-processor.csproj", "{4C413A6E-1A0F-4653-A9C6-438F13A4F30A}"
EndProject
Project("{9A19103F-16F7-4668-BE54-9A1E7A4F7556}") = "river-flow-producer", "producer\river-flow-producer.csproj", "{B3EF4515-60F0-4463-8467-00190F12C6A8}"
EndProject
Project("{9A19103F-16F7-4668-BE54-9A1E7A4F7556}") = "river-flow-shared", "shared\river-flow-shared.csproj", "{4120DFC5-4D8B-4C52-B28F-4888FF8602A9}"
EndProject
Project("{9A19103F-16F7-4668-BE54-9A1E7A4F7556}") = "river-flow-api", "api\river-flow-api.csproj", "{6BE4B9DB-4C91-443F-BEEB-24916356548D}"
EndProject
Project("{2150E333-8FDC-42A3-9474-1A3956D46DE8}") = "scripts", "scripts", "{A7618D8A-8BA4-4960-9657-07028A6920E7}"
	ProjectSection(SolutionItems) = preProject
		scripts\cf-create-services.ps1 = scripts\cf-create-services.ps1
		scripts\docker-mysql-start.ps1 = scripts\docker-mysql-start.ps1
		scripts\docker-rabbitmq-start.ps1 = scripts\docker-rabbitmq-start.ps1
		scripts\producer-init.ps1 = scripts\producer-init.ps1
		scripts\push.ps1 = scripts\push.ps1
		scripts\start-eureka.ps1 = scripts\start-eureka.ps1
	EndProjectSection
EndProject
Project("{2150E333-8FDC-42A3-9474-1A3956D46DE8}") = "Solution Items", "Solution Items", "{668D9406-3948-425F-86F7-6A8A24A152EF}"
	ProjectSection(SolutionItems) = preProject
		lib\Steeltoe.Discovery.ClientCore.deps.json = lib\Steeltoe.Discovery.ClientCore.deps.json
		lib\Steeltoe.Discovery.ClientCore.dll = lib\Steeltoe.Discovery.ClientCore.dll
		lib\Steeltoe.Discovery.ConsulBase.dll = lib\Steeltoe.Discovery.ConsulBase.dll
		lib\Steeltoe.Discovery.EurekaBase.dll = lib\Steeltoe.Discovery.EurekaBase.dll
	EndProjectSection
EndProject
Global
	GlobalSection(SolutionConfigurationPlatforms) = preSolution
		Debug|Any CPU = Debug|Any CPU
		Debug|x64 = Debug|x64
		Debug|x86 = Debug|x86
		Release|Any CPU = Release|Any CPU
		Release|x64 = Release|x64
		Release|x86 = Release|x86
	EndGlobalSection
	GlobalSection(ProjectConfigurationPlatforms) = postSolution
		{4C413A6E-1A0F-4653-A9C6-438F13A4F30A}.Debug|Any CPU.ActiveCfg = Debug|Any CPU
		{4C413A6E-1A0F-4653-A9C6-438F13A4F30A}.Debug|Any CPU.Build.0 = Debug|Any CPU
		{4C413A6E-1A0F-4653-A9C6-438F13A4F30A}.Debug|x64.ActiveCfg = Debug|Any CPU
		{4C413A6E-1A0F-4653-A9C6-438F13A4F30A}.Debug|x64.Build.0 = Debug|Any CPU
		{4C413A6E-1A0F-4653-A9C6-438F13A4F30A}.Debug|x86.ActiveCfg = Debug|Any CPU
		{4C413A6E-1A0F-4653-A9C6-438F13A4F30A}.Debug|x86.Build.0 = Debug|Any CPU
		{4C413A6E-1A0F-4653-A9C6-438F13A4F30A}.Release|Any CPU.ActiveCfg = Release|Any CPU
		{4C413A6E-1A0F-4653-A9C6-438F13A4F30A}.Release|Any CPU.Build.0 = Release|Any CPU
		{4C413A6E-1A0F-4653-A9C6-438F13A4F30A}.Release|x64.ActiveCfg = Release|Any CPU
		{4C413A6E-1A0F-4653-A9C6-438F13A4F30A}.Release|x64.Build.0 = Release|Any CPU
		{4C413A6E-1A0F-4653-A9C6-438F13A4F30A}.Release|x86.ActiveCfg = Release|Any CPU
		{4C413A6E-1A0F-4653-A9C6-438F13A4F30A}.Release|x86.Build.0 = Release|Any CPU
		{B3EF4515-60F0-4463-8467-00190F12C6A8}.Debug|Any CPU.ActiveCfg = Debug|Any CPU
		{B3EF4515-60F0-4463-8467-00190F12C6A8}.Debug|Any CPU.Build.0 = Debug|Any CPU
		{B3EF4515-60F0-4463-8467-00190F12C6A8}.Debug|x64.ActiveCfg = Debug|Any CPU
		{B3EF4515-60F0-4463-8467-00190F12C6A8}.Debug|x64.Build.0 = Debug|Any CPU
		{B3EF4515-60F0-4463-8467-00190F12C6A8}.Debug|x86.ActiveCfg = Debug|Any CPU
		{B3EF4515-60F0-4463-8467-00190F12C6A8}.Debug|x86.Build.0 = Debug|Any CPU
		{B3EF4515-60F0-4463-8467-00190F12C6A8}.Release|Any CPU.ActiveCfg = Release|Any CPU
		{B3EF4515-60F0-4463-8467-00190F12C6A8}.Release|Any CPU.Build.0 = Release|Any CPU
		{B3EF4515-60F0-4463-8467-00190F12C6A8}.Release|x64.ActiveCfg = Release|Any CPU
		{B3EF4515-60F0-4463-8467-00190F12C6A8}.Release|x64.Build.0 = Release|Any CPU
		{B3EF4515-60F0-4463-8467-00190F12C6A8}.Release|x86.ActiveCfg = Release|Any CPU
		{B3EF4515-60F0-4463-8467-00190F12C6A8}.Release|x86.Build.0 = Release|Any CPU
		{4120DFC5-4D8B-4C52-B28F-4888FF8602A9}.Debug|Any CPU.ActiveCfg = Debug|Any CPU
		{4120DFC5-4D8B-4C52-B28F-4888FF8602A9}.Debug|Any CPU.Build.0 = Debug|Any CPU
		{4120DFC5-4D8B-4C52-B28F-4888FF8602A9}.Debug|x64.ActiveCfg = Debug|Any CPU
		{4120DFC5-4D8B-4C52-B28F-4888FF8602A9}.Debug|x64.Build.0 = Debug|Any CPU
		{4120DFC5-4D8B-4C52-B28F-4888FF8602A9}.Debug|x86.ActiveCfg = Debug|Any CPU
		{4120DFC5-4D8B-4C52-B28F-4888FF8602A9}.Debug|x86.Build.0 = Debug|Any CPU
		{4120DFC5-4D8B-4C52-B28F-4888FF8602A9}.Release|Any CPU.ActiveCfg = Release|Any CPU
		{4120DFC5-4D8B-4C52-B28F-4888FF8602A9}.Release|Any CPU.Build.0 = Release|Any CPU
		{4120DFC5-4D8B-4C52-B28F-4888FF8602A9}.Release|x64.ActiveCfg = Release|Any CPU
		{4120DFC5-4D8B-4C52-B28F-4888FF8602A9}.Release|x64.Build.0 = Release|Any CPU
		{4120DFC5-4D8B-4C52-B28F-4888FF8602A9}.Release|x86.ActiveCfg = Release|Any CPU
		{4120DFC5-4D8B-4C52-B28F-4888FF8602A9}.Release|x86.Build.0 = Release|Any CPU
		{6BE4B9DB-4C91-443F-BEEB-24916356548D}.Debug|Any CPU.ActiveCfg = Debug|Any CPU
		{6BE4B9DB-4C91-443F-BEEB-24916356548D}.Debug|Any CPU.Build.0 = Debug|Any CPU
		{6BE4B9DB-4C91-443F-BEEB-24916356548D}.Debug|x64.ActiveCfg = Debug|Any CPU
		{6BE4B9DB-4C91-443F-BEEB-24916356548D}.Debug|x64.Build.0 = Debug|Any CPU
		{6BE4B9DB-4C91-443F-BEEB-24916356548D}.Debug|x86.ActiveCfg = Debug|Any CPU
		{6BE4B9DB-4C91-443F-BEEB-24916356548D}.Debug|x86.Build.0 = Debug|Any CPU
		{6BE4B9DB-4C91-443F-BEEB-24916356548D}.Release|Any CPU.ActiveCfg = Release|Any CPU
		{6BE4B9DB-4C91-443F-BEEB-24916356548D}.Release|Any CPU.Build.0 = Release|Any CPU
		{6BE4B9DB-4C91-443F-BEEB-24916356548D}.Release|x64.ActiveCfg = Release|Any CPU
		{6BE4B9DB-4C91-443F-BEEB-24916356548D}.Release|x64.Build.0 = Release|Any CPU
		{6BE4B9DB-4C91-443F-BEEB-24916356548D}.Release|x86.ActiveCfg = Release|Any CPU
		{6BE4B9DB-4C91-443F-BEEB-24916356548D}.Release|x86.Build.0 = Release|Any CPU
	EndGlobalSection
	GlobalSection(SolutionProperties) = preSolution
		HideSolutionNode = FALSE
	EndGlobalSection
	GlobalSection(ExtensibilityGlobals) = postSolution
		SolutionGuid = {2AA66318-57C2-4D3D-92F6-606B95E0BD87}
	EndGlobalSection
EndGlobal
